
Microsoft Visual Studio Solution File, Format Version 12.00
# Visual Studio Version 17
VisualStudioVersion = 17.5.33502.453
MinimumVisualStudioVersion = 10.0.40219.1
Project("{FAE04EC0-301F-11D3-BF4B-00C04F79EFBC}") = "Rainbow", "Rainbow\Rainbow.csproj", "{694D460B-35AC-4654-8E92-C244CFFF1530}"
EndProject
Global
	GlobalSection(SolutionConfigurationPlatforms) = preSolution
		Debug|Any CPU = Debug|Any CPU
		Release|Any CPU = Release|Any CPU
	EndGlobalSection
	GlobalSection(ProjectConfigurationPlatforms) = postSolution
		{694D460B-35AC-4654-8E92-C244CFFF1530}.Debug|Any CPU.ActiveCfg = Debug|Any CPU
		{694D460B-35AC-4654-8E92-C244CFFF1530}.Debug|Any CPU.Build.0 = Debug|Any CPU
		{694D460B-35AC-4654-8E92-C244CFFF1530}.Release|Any CPU.ActiveCfg = Release|Any CPU
		{694D460B-35AC-4654-8E92-C244CFFF1530}.Release|Any CPU.Build.0 = Release|Any CPU
	EndGlobalSection
	GlobalSection(SolutionProperties) = preSolution
		HideSolutionNode = FALSE
	EndGlobalSection
	GlobalSection(ExtensibilityGlobals) = postSolution
		SolutionGuid = {914AF744-A239-4872-A3D4-87AC301E4F94}
	EndGlobalSection
EndGlobal
