
Microsoft Visual Studio Solution File, Format Version 12.00
# Visual Studio Version 17
VisualStudioVersion = 17.5.33502.453
MinimumVisualStudioVersion = 10.0.40219.1
Project("{FAE04EC0-301F-11D3-BF4B-00C04F79EFBC}") = "Hotelochki", "Hotelochki\Hotelochki.csproj", "{B9D1E799-807E-4A60-A7BA-470D4ECA956D}"
EndProject
Global
	GlobalSection(SolutionConfigurationPlatforms) = preSolution
		Debug|Any CPU = Debug|Any CPU
		Release|Any CPU = Release|Any CPU
	EndGlobalSection
	GlobalSection(ProjectConfigurationPlatforms) = postSolution
		{B9D1E799-807E-4A60-A7BA-470D4ECA956D}.Debug|Any CPU.ActiveCfg = Debug|Any CPU
		{B9D1E799-807E-4A60-A7BA-470D4ECA956D}.Debug|Any CPU.Build.0 = Debug|Any CPU
		{B9D1E799-807E-4A60-A7BA-470D4ECA956D}.Release|Any CPU.ActiveCfg = Release|Any CPU
		{B9D1E799-807E-4A60-A7BA-470D4ECA956D}.Release|Any CPU.Build.0 = Release|Any CPU
	EndGlobalSection
	GlobalSection(SolutionProperties) = preSolution
		HideSolutionNode = FALSE
	EndGlobalSection
	GlobalSection(ExtensibilityGlobals) = postSolution
		SolutionGuid = {5B25B08A-6882-48E8-95A3-62F19007530D}
	EndGlobalSection
EndGlobal
